{
  "name": "batterij-simulator",
  "lockfileVersion": 3,
  "requires": true,
  "packages": {
    "": {
      "dependencies": {
        "recaptcha-v3": "^1.11.3"
      }
    },
    "node_modules/recaptcha-v3": {
      "version": "1.11.3",
      "resolved": "https://registry.npmjs.org/recaptcha-v3/-/recaptcha-v3-1.11.3.tgz",
      "integrity": "sha512-sEE6J0RzUkS+sKEBpgCD/AqCU0ffrAVOADGjvAx9vcttN+VLK42SWMkj/J/I6vHu3Kew+xcfbBqDVb65N0QGDw==",
      "license": "Apache-2.0"
    }
  }
}
